
Microsoft Visual Studio Solution File, Format Version 11.00
# Visual Studio 2010
Project("{FAE04EC0-301F-11D3-BF4B-00C04F79EFBC}") = "IniController", "IniController\IniController.csproj", "{4755AAF6-9291-49B8-AE8F-9DC4DD87BA10}"
EndProject
Project("{2150E333-8FDC-42A3-9474-1A3956D46DE8}") = "Solution Items", "Solution Items", "{C6155682-6D9B-4EF2-8089-D65CEEB38110}"
EndProject
Global
	GlobalSection(SolutionConfigurationPlatforms) = preSolution
		Debug|x86 = Debug|x86
		Release|x86 = Release|x86
	EndGlobalSection
	GlobalSection(ProjectConfigurationPlatforms) = postSolution
		{4755AAF6-9291-49B8-AE8F-9DC4DD87BA10}.Debug|x86.ActiveCfg = Debug|x86
		{4755AAF6-9291-49B8-AE8F-9DC4DD87BA10}.Debug|x86.Build.0 = Debug|x86
		{4755AAF6-9291-49B8-AE8F-9DC4DD87BA10}.Release|x86.ActiveCfg = Release|x86
		{4755AAF6-9291-49B8-AE8F-9DC4DD87BA10}.Release|x86.Build.0 = Release|x86
	EndGlobalSection
	GlobalSection(SolutionProperties) = preSolution
		HideSolutionNode = FALSE
	EndGlobalSection
EndGlobal
